// !$*UTF8*$!
{
	archiveVersion = 1;
	classes = {
	};
	objectVersion = 63;
	objects = {

/* Begin PBXBuildFile section */
		050C066E656CA927DAE47838 /* ResultsGridVC+Delegates.swift in Sources */ = {isa = PBXBuildFile; fileRef = 5E4F375971834626EE24DCE8 /* ResultsGridVC+Delegates.swift */; };
		0D06D23BAD7B85E3D848032E /* CloneTableSheet.swift in Sources */ = {isa = PBXBuildFile; fileRef = B147EF7BD64F5D8D49F5A76C /* CloneTableSheet.swift */; };
		0FBFBF80330AF6AEB8FF8795 /* ColumnFilter.swift in Sources */ = {isa = PBXBuildFile; fileRef = FF2028AE6D6257D17FBD8638 /* ColumnFilter.swift */; };
		13052D84D304A8C4B880F5ED /* PharosCore+QueryHistory.swift in Sources */ = {isa = PBXBuildFile; fileRef = 45C9CF3BE23B90A563BA2971 /* PharosCore+QueryHistory.swift */; };
		1859F0D21F96E84B169BF6B9 /* MainMenu.swift in Sources */ = {isa = PBXBuildFile; fileRef = C061E832235866E86FB1BD81 /* MainMenu.swift */; };
		1896442191A1723DA4AC8F11 /* PharosCore+TableOps.swift in Sources */ = {isa = PBXBuildFile; fileRef = 0D74DCCBF440921962842366 /* PharosCore+TableOps.swift */; };
		19877E64248CE46809E223BA /* MetadataCache.swift in Sources */ = {isa = PBXBuildFile; fileRef = 21144A42AAC5D2C61BFC5EB0 /* MetadataCache.swift */; };
		1A6C6385B521B72E26B7965F /* PharosCore+Connection.swift in Sources */ = {isa = PBXBuildFile; fileRef = 03D4F88CC2D386BA8A9B317A /* PharosCore+Connection.swift */; };
		1CB48D2E1B11DC3055666BE8 /* SchemaTreeNode.swift in Sources */ = {isa = PBXBuildFile; fileRef = B4658AC549B8ABCCA3C1B9FE /* SchemaTreeNode.swift */; };
		1E96030BBC27E7FEC7D2FF74 /* Schema.swift in Sources */ = {isa = PBXBuildFile; fileRef = F443CAC6284678541D0523EA /* Schema.swift */; };
		2F09F5016B7370BEA3F4F4B3 /* PharosCore.swift in Sources */ = {isa = PBXBuildFile; fileRef = EBB204A7203DFE7F75AE059A /* PharosCore.swift */; };
		313901B49AD64989B8264CB5 /* QueryResult.swift in Sources */ = {isa = PBXBuildFile; fileRef = EAA6C3A87A8A4B294119B8CD /* QueryResult.swift */; };
		325C5B2F6705581E09653999 /* ResultsDataSource.swift in Sources */ = {isa = PBXBuildFile; fileRef = D662512D7219078869005EED /* ResultsDataSource.swift */; };
		34745A1F62CCD2F095540249 /* ImportDataSheet.swift in Sources */ = {isa = PBXBuildFile; fileRef = 080E74E651B82BE21F196DDC /* ImportDataSheet.swift */; };
		34B2E78C9DB19D897C10D722 /* Settings.swift in Sources */ = {isa = PBXBuildFile; fileRef = 4EE224A37E3FEC0F67F65D19 /* Settings.swift */; };
		3BAF13B47C5D27BF9A23649F /* QueryTab.swift in Sources */ = {isa = PBXBuildFile; fileRef = 0D6BEBF74D81C05BBDEC18B2 /* QueryTab.swift */; };
		3BB2598F16FCA36267E8BB4F /* SavedQuery.swift in Sources */ = {isa = PBXBuildFile; fileRef = 74EE864CF2A51B28DD0180D7 /* SavedQuery.swift */; };
		3DFC28BC8EDDBE4881456149 /* ResultsGridVC+Setup.swift in Sources */ = {isa = PBXBuildFile; fileRef = 7CBCFEF1E97E439A66848739 /* ResultsGridVC+Setup.swift */; };
		452A085D482CF6012AA5CAF9 /* PharosCore+Schema.swift in Sources */ = {isa = PBXBuildFile; fileRef = CB62F62A3FDEC4CB1B034D32 /* PharosCore+Schema.swift */; };
		4544AA18681DE8297EE4419C /* main.swift in Sources */ = {isa = PBXBuildFile; fileRef = C9154BC81016709ADD201F2C /* main.swift */; };
		467AD8C23E035DF328E4EFD0 /* LineNumberGutter.swift in Sources */ = {isa = PBXBuildFile; fileRef = 79453EF605DB5DD4E6B6583E /* LineNumberGutter.swift */; };
		46E850B27D3032C449EF538B /* PharosCore+Settings.swift in Sources */ = {isa = PBXBuildFile; fileRef = FBF9971CA38A5A4F27BF2677 /* PharosCore+Settings.swift */; };
		4EC4260ADB7C2B74CC81C9CF /* SchemaDataSource.swift in Sources */ = {isa = PBXBuildFile; fileRef = 4F866D1BE3519B8EC1B37837 /* SchemaDataSource.swift */; };
		5852B83A6231D9F2F669FE0C /* ConnectionSheet.swift in Sources */ = {isa = PBXBuildFile; fileRef = FA7E70F7C9B82A2127AF3F51 /* ConnectionSheet.swift */; };
		587C8125123CD6FB19295C5C /* InspectorViewController.swift in Sources */ = {isa = PBXBuildFile; fileRef = 5C3A06DB5B50B7884BE8C008 /* InspectorViewController.swift */; };
		65BEED50C4062338E69E2217 /* AppStateManager.swift in Sources */ = {isa = PBXBuildFile; fileRef = 028712E3F9210287025ADAE8 /* AppStateManager.swift */; };
		828B2F010BDCD568EB6B087E /* ColumnFilterPopoverVC.swift in Sources */ = {isa = PBXBuildFile; fileRef = 6D2F8820D55E67F2E98189DB /* ColumnFilterPopoverVC.swift */; };
		83C280A4D2F6BB5D36BA84C2 /* PharosCore+TableMetadata.swift in Sources */ = {isa = PBXBuildFile; fileRef = 984D24F626720473910C61FE /* PharosCore+TableMetadata.swift */; };
		8AB8139F13F0723A04529C4B /* ResultsCellSelection.swift in Sources */ = {isa = PBXBuildFile; fileRef = 06CFD36F776181AE6119B2D5 /* ResultsCellSelection.swift */; };
		8B0F974C2C9AFF4237E83D67 /* SchemaTreeCellView.swift in Sources */ = {isa = PBXBuildFile; fileRef = B2EFE8CF506C1CA082186338 /* SchemaTreeCellView.swift */; };
		8C11A9E360C976741800D448 /* PGTypeCategory.swift in Sources */ = {isa = PBXBuildFile; fileRef = EF9FB0F602BE858D9F0F4DFA /* PGTypeCategory.swift */; };
		9967BAFA59CCCAF598DCEFC7 /* ResultsCopyExport.swift in Sources */ = {isa = PBXBuildFile; fileRef = F2B3B88F55D243A6995DF409 /* ResultsCopyExport.swift */; };
		9B9F6D8FA3841680CC02ED11 /* Assets.xcassets in Resources */ = {isa = PBXBuildFile; fileRef = F4063BCD81FC7D7C5AE7D509 /* Assets.xcassets */; };
		9CD619FD2FD68AD108A18567 /* ContentViewController.swift in Sources */ = {isa = PBXBuildFile; fileRef = 580925EDF531F5722145FC92 /* ContentViewController.swift */; };
		9F833C4BC05608F9DBB53107 /* PharosSplitViewController.swift in Sources */ = {isa = PBXBuildFile; fileRef = 32129C1DF4F9D8600CF498D1 /* PharosSplitViewController.swift */; };
		A052BF4F5DFA8F2B059A3D77 /* QueryHistoryVC.swift in Sources */ = {isa = PBXBuildFile; fileRef = DE109495071281357840CE57 /* QueryHistoryVC.swift */; };
		A97E8AF9FA8A694D08979B05 /* Connection.swift in Sources */ = {isa = PBXBuildFile; fileRef = EBF3A05751881D6DB6B2AE26 /* Connection.swift */; };
		A9D51FCCE26395D146188699 /* ResultsSortController.swift in Sources */ = {isa = PBXBuildFile; fileRef = 6E5A664A2928C215F48E9A6C /* ResultsSortController.swift */; };
		AB6A1A4BA0E10D2FBEF86887 /* AppDelegate.swift in Sources */ = {isa = PBXBuildFile; fileRef = BE2842DA42F9D759036177BC /* AppDelegate.swift */; };
		B0EB5E848C3BA0450A2EDF6E /* PharosCore+Query.swift in Sources */ = {isa = PBXBuildFile; fileRef = 683EA3267E0A7C98EF05E9A4 /* PharosCore+Query.swift */; };
		B328811200CD6EBE799D2971 /* SchemaContextMenu.swift in Sources */ = {isa = PBXBuildFile; fileRef = EE1BE9592C76B222B3A3B626 /* SchemaContextMenu.swift */; };
		B428B0392086C871B29DBEA8 /* ResultsGridVC.swift in Sources */ = {isa = PBXBuildFile; fileRef = 996B3F5F2F449C51713A9F35 /* ResultsGridVC.swift */; };
		B6A807AF13F4EBB0866CBB48 /* SQLCompletionProvider.swift in Sources */ = {isa = PBXBuildFile; fileRef = A6EF9DEF04D779C8CE0614A2 /* SQLCompletionProvider.swift */; };
		BA36078FBC3A5D72C53F70A0 /* PharosCore+SavedQueries.swift in Sources */ = {isa = PBXBuildFile; fileRef = 97AA1F94A343C5D877860C0C /* PharosCore+SavedQueries.swift */; };
		BB1229C6E14E7962D3B22387 /* MainWindowController.swift in Sources */ = {isa = PBXBuildFile; fileRef = 6477FA0687C5FBFD9213A0B4 /* MainWindowController.swift */; };
		BCA68E3BDB7D44B860015A42 /* SchemaBrowserVC.swift in Sources */ = {isa = PBXBuildFile; fileRef = 0AA28F370D58B185F9C4F416 /* SchemaBrowserVC.swift */; };
		C54502573EF12DE805DD8E45 /* ExportDataSheet.swift in Sources */ = {isa = PBXBuildFile; fileRef = 20B39F69829E562F1E0DDEEC /* ExportDataSheet.swift */; };
		D5288C4F09BC95F63D22DD83 /* ResultsColumnFilterController.swift in Sources */ = {isa = PBXBuildFile; fileRef = 745C3CCB90931B5D1CC056E7 /* ResultsColumnFilterController.swift */; };
		DB58B9E72F5A34EC007B5DE3 /* EditorPane.swift in Sources */ = {isa = PBXBuildFile; fileRef = DB58B9E62F5A34EC007B5DE3 /* EditorPane.swift */; };
		DB58B9E92F5A35C4007B5DE3 /* PaneTabBar.swift in Sources */ = {isa = PBXBuildFile; fileRef = DB58B9E82F5A35C4007B5DE3 /* PaneTabBar.swift */; };
		DB58B9EB2F5A35FD007B5DE3 /* EditorPaneVC.swift in Sources */ = {isa = PBXBuildFile; fileRef = DB58B9EA2F5A35FD007B5DE3 /* EditorPaneVC.swift */; };
		DB58B9ED2F5B46F4007B5DE3 /* SQLSegmentParser.swift in Sources */ = {isa = PBXBuildFile; fileRef = DB58B9EC2F5B46F4007B5DE3 /* SQLSegmentParser.swift */; };
		DB58B9EF2F5B47CE007B5DE3 /* ResultTab.swift in Sources */ = {isa = PBXBuildFile; fileRef = DB58B9EE2F5B47CE007B5DE3 /* ResultTab.swift */; };
		DB58B9F12F5B47FC007B5DE3 /* ResultTabBar.swift in Sources */ = {isa = PBXBuildFile; fileRef = DB58B9F02F5B47FC007B5DE3 /* ResultTabBar.swift */; };
		DD4B5437E848E45EA5D1F6C4 /* ResultsFindController.swift in Sources */ = {isa = PBXBuildFile; fileRef = 1DEE8A90621927B4A546E936 /* ResultsFindController.swift */; };
		DE41561080C5F343F5CE6BA4 /* SettingsSheet.swift in Sources */ = {isa = PBXBuildFile; fileRef = CEADE04C5F358D12DBAEFF53 /* SettingsSheet.swift */; };
		E02EA8A440A656E0CFDE8093 /* SchemaDetailSheet.swift in Sources */ = {isa = PBXBuildFile; fileRef = 819E831FCE0F6F7280A28624 /* SchemaDetailSheet.swift */; };
		E25DF354E5E4120E4218B4AB /* SavedQueriesVC.swift in Sources */ = {isa = PBXBuildFile; fileRef = F53AF7990A74B49CE70A7E63 /* SavedQueriesVC.swift */; };
		E6F5C3DA2A93FCA86008C096 /* SaveQuerySheet.swift in Sources */ = {isa = PBXBuildFile; fileRef = AFA9754561F03FFF1CAB4CB9 /* SaveQuerySheet.swift */; };
		A1B2C3D4E5F60718DEADBEEF /* QueryDetailSheet.swift in Sources */ = {isa = PBXBuildFile; fileRef = A1B2C3D4E5F60718CAFEBABE /* QueryDetailSheet.swift */; };
		E95A1BECEE9799B577E51E26 /* FilterableHeaderView.swift in Sources */ = {isa = PBXBuildFile; fileRef = D8ECD595639457E93B8C5FA7 /* FilterableHeaderView.swift */; };
		ED0D9A8EC09C789256FB7C16 /* SidebarViewController.swift in Sources */ = {isa = PBXBuildFile; fileRef = C3A2E02523DDEE84E0861216 /* SidebarViewController.swift */; };
		F1E6F326019EA1E680D8C024 /* QueryHistory.swift in Sources */ = {isa = PBXBuildFile; fileRef = AA51B3ECA2060638EA1898B8 /* QueryHistory.swift */; };
		F4A84AED2911F5E33933AB26 /* SQLTextView.swift in Sources */ = {isa = PBXBuildFile; fileRef = 5CA969614B127DE629649F33 /* SQLTextView.swift */; };
		F99D927EF0A26C46170180A9 /* QueryEditorVC.swift in Sources */ = {isa = PBXBuildFile; fileRef = D00B26C7C2F768E3295E54E3 /* QueryEditorVC.swift */; };
/* End PBXBuildFile section */

/* Begin PBXFileReference section */
		028712E3F9210287025ADAE8 /* AppStateManager.swift */ = {isa = PBXFileReference; lastKnownFileType = sourcecode.swift; path = AppStateManager.swift; sourceTree = "<group>"; };
		03D4F88CC2D386BA8A9B317A /* PharosCore+Connection.swift */ = {isa = PBXFileReference; lastKnownFileType = sourcecode.swift; path = "PharosCore+Connection.swift"; sourceTree = "<group>"; };
		06CFD36F776181AE6119B2D5 /* ResultsCellSelection.swift */ = {isa = PBXFileReference; lastKnownFileType = sourcecode.swift; path = ResultsCellSelection.swift; sourceTree = "<group>"; };
		080E74E651B82BE21F196DDC /* ImportDataSheet.swift */ = {isa = PBXFileReference; lastKnownFileType = sourcecode.swift; path = ImportDataSheet.swift; sourceTree = "<group>"; };
		0AA28F370D58B185F9C4F416 /* SchemaBrowserVC.swift */ = {isa = PBXFileReference; lastKnownFileType = sourcecode.swift; path = SchemaBrowserVC.swift; sourceTree = "<group>"; };
		0D6BEBF74D81C05BBDEC18B2 /* QueryTab.swift */ = {isa = PBXFileReference; lastKnownFileType = sourcecode.swift; path = QueryTab.swift; sourceTree = "<group>"; };
		0D74DCCBF440921962842366 /* PharosCore+TableOps.swift */ = {isa = PBXFileReference; lastKnownFileType = sourcecode.swift; path = "PharosCore+TableOps.swift"; sourceTree = "<group>"; };
		1DEE8A90621927B4A546E936 /* ResultsFindController.swift */ = {isa = PBXFileReference; lastKnownFileType = sourcecode.swift; path = ResultsFindController.swift; sourceTree = "<group>"; };
		20B39F69829E562F1E0DDEEC /* ExportDataSheet.swift */ = {isa = PBXFileReference; lastKnownFileType = sourcecode.swift; path = ExportDataSheet.swift; sourceTree = "<group>"; };
		21144A42AAC5D2C61BFC5EB0 /* MetadataCache.swift */ = {isa = PBXFileReference; lastKnownFileType = sourcecode.swift; path = MetadataCache.swift; sourceTree = "<group>"; };
		32129C1DF4F9D8600CF498D1 /* PharosSplitViewController.swift */ = {isa = PBXFileReference; lastKnownFileType = sourcecode.swift; path = PharosSplitViewController.swift; sourceTree = "<group>"; };
		45C9CF3BE23B90A563BA2971 /* PharosCore+QueryHistory.swift */ = {isa = PBXFileReference; lastKnownFileType = sourcecode.swift; path = "PharosCore+QueryHistory.swift"; sourceTree = "<group>"; };
		4EE224A37E3FEC0F67F65D19 /* Settings.swift */ = {isa = PBXFileReference; lastKnownFileType = sourcecode.swift; path = Settings.swift; sourceTree = "<group>"; };
		4F866D1BE3519B8EC1B37837 /* SchemaDataSource.swift */ = {isa = PBXFileReference; lastKnownFileType = sourcecode.swift; path = SchemaDataSource.swift; sourceTree = "<group>"; };
		580925EDF531F5722145FC92 /* ContentViewController.swift */ = {isa = PBXFileReference; lastKnownFileType = sourcecode.swift; path = ContentViewController.swift; sourceTree = "<group>"; };
		5C3A06DB5B50B7884BE8C008 /* InspectorViewController.swift */ = {isa = PBXFileReference; lastKnownFileType = sourcecode.swift; path = InspectorViewController.swift; sourceTree = "<group>"; };
		5CA969614B127DE629649F33 /* SQLTextView.swift */ = {isa = PBXFileReference; lastKnownFileType = sourcecode.swift; path = SQLTextView.swift; sourceTree = "<group>"; };
		5E4F375971834626EE24DCE8 /* ResultsGridVC+Delegates.swift */ = {isa = PBXFileReference; lastKnownFileType = sourcecode.swift; path = "ResultsGridVC+Delegates.swift"; sourceTree = "<group>"; };
		6477FA0687C5FBFD9213A0B4 /* MainWindowController.swift */ = {isa = PBXFileReference; lastKnownFileType = sourcecode.swift; path = MainWindowController.swift; sourceTree = "<group>"; };
		683EA3267E0A7C98EF05E9A4 /* PharosCore+Query.swift */ = {isa = PBXFileReference; lastKnownFileType = sourcecode.swift; path = "PharosCore+Query.swift"; sourceTree = "<group>"; };
		6D2F8820D55E67F2E98189DB /* ColumnFilterPopoverVC.swift */ = {isa = PBXFileReference; lastKnownFileType = sourcecode.swift; path = ColumnFilterPopoverVC.swift; sourceTree = "<group>"; };
		6E5A664A2928C215F48E9A6C /* ResultsSortController.swift */ = {isa = PBXFileReference; lastKnownFileType = sourcecode.swift; path = ResultsSortController.swift; sourceTree = "<group>"; };
		745C3CCB90931B5D1CC056E7 /* ResultsColumnFilterController.swift */ = {isa = PBXFileReference; lastKnownFileType = sourcecode.swift; path = ResultsColumnFilterController.swift; sourceTree = "<group>"; };
		74EE864CF2A51B28DD0180D7 /* SavedQuery.swift */ = {isa = PBXFileReference; lastKnownFileType = sourcecode.swift; path = SavedQuery.swift; sourceTree = "<group>"; };
		79453EF605DB5DD4E6B6583E /* LineNumberGutter.swift */ = {isa = PBXFileReference; lastKnownFileType = sourcecode.swift; path = LineNumberGutter.swift; sourceTree = "<group>"; };
		7CBCFEF1E97E439A66848739 /* ResultsGridVC+Setup.swift */ = {isa = PBXFileReference; lastKnownFileType = sourcecode.swift; path = "ResultsGridVC+Setup.swift"; sourceTree = "<group>"; };
		819E831FCE0F6F7280A28624 /* SchemaDetailSheet.swift */ = {isa = PBXFileReference; lastKnownFileType = sourcecode.swift; path = SchemaDetailSheet.swift; sourceTree = "<group>"; };
		97AA1F94A343C5D877860C0C /* PharosCore+SavedQueries.swift */ = {isa = PBXFileReference; lastKnownFileType = sourcecode.swift; path = "PharosCore+SavedQueries.swift"; sourceTree = "<group>"; };
		984D24F626720473910C61FE /* PharosCore+TableMetadata.swift */ = {isa = PBXFileReference; lastKnownFileType = sourcecode.swift; path = "PharosCore+TableMetadata.swift"; sourceTree = "<group>"; };
		996B3F5F2F449C51713A9F35 /* ResultsGridVC.swift */ = {isa = PBXFileReference; lastKnownFileType = sourcecode.swift; path = ResultsGridVC.swift; sourceTree = "<group>"; };
		9993005117CA5F91ED0A2692 /* Info.plist */ = {isa = PBXFileReference; lastKnownFileType = text.plist; path = Info.plist; sourceTree = "<group>"; };
		9EC681B504DAF0E904245D22 /* Pharos.app */ = {isa = PBXFileReference; explicitFileType = wrapper.application; includeInIndex = 0; path = Pharos.app; sourceTree = BUILT_PRODUCTS_DIR; };
		A6EF9DEF04D779C8CE0614A2 /* SQLCompletionProvider.swift */ = {isa = PBXFileReference; lastKnownFileType = sourcecode.swift; path = SQLCompletionProvider.swift; sourceTree = "<group>"; };
		AA51B3ECA2060638EA1898B8 /* QueryHistory.swift */ = {isa = PBXFileReference; lastKnownFileType = sourcecode.swift; path = QueryHistory.swift; sourceTree = "<group>"; };
		AFA9754561F03FFF1CAB4CB9 /* SaveQuerySheet.swift */ = {isa = PBXFileReference; lastKnownFileType = sourcecode.swift; path = SaveQuerySheet.swift; sourceTree = "<group>"; };
		A1B2C3D4E5F60718CAFEBABE /* QueryDetailSheet.swift */ = {isa = PBXFileReference; lastKnownFileType = sourcecode.swift; path = QueryDetailSheet.swift; sourceTree = "<group>"; };
		B147EF7BD64F5D8D49F5A76C /* CloneTableSheet.swift */ = {isa = PBXFileReference; lastKnownFileType = sourcecode.swift; path = CloneTableSheet.swift; sourceTree = "<group>"; };
		B2EFE8CF506C1CA082186338 /* SchemaTreeCellView.swift */ = {isa = PBXFileReference; lastKnownFileType = sourcecode.swift; path = SchemaTreeCellView.swift; sourceTree = "<group>"; };
		B4658AC549B8ABCCA3C1B9FE /* SchemaTreeNode.swift */ = {isa = PBXFileReference; lastKnownFileType = sourcecode.swift; path = SchemaTreeNode.swift; sourceTree = "<group>"; };
		BE2842DA42F9D759036177BC /* AppDelegate.swift */ = {isa = PBXFileReference; lastKnownFileType = sourcecode.swift; path = AppDelegate.swift; sourceTree = "<group>"; };
		C061E832235866E86FB1BD81 /* MainMenu.swift */ = {isa = PBXFileReference; lastKnownFileType = sourcecode.swift; path = MainMenu.swift; sourceTree = "<group>"; };
		C3A2E02523DDEE84E0861216 /* SidebarViewController.swift */ = {isa = PBXFileReference; lastKnownFileType = sourcecode.swift; path = SidebarViewController.swift; sourceTree = "<group>"; };
		C9154BC81016709ADD201F2C /* main.swift */ = {isa = PBXFileReference; lastKnownFileType = sourcecode.swift; path = main.swift; sourceTree = "<group>"; };
		CB62F62A3FDEC4CB1B034D32 /* PharosCore+Schema.swift */ = {isa = PBXFileReference; lastKnownFileType = sourcecode.swift; path = "PharosCore+Schema.swift"; sourceTree = "<group>"; };
		CEADE04C5F358D12DBAEFF53 /* SettingsSheet.swift */ = {isa = PBXFileReference; lastKnownFileType = sourcecode.swift; path = SettingsSheet.swift; sourceTree = "<group>"; };
		D00B26C7C2F768E3295E54E3 /* QueryEditorVC.swift */ = {isa = PBXFileReference; lastKnownFileType = sourcecode.swift; path = QueryEditorVC.swift; sourceTree = "<group>"; };
		D662512D7219078869005EED /* ResultsDataSource.swift */ = {isa = PBXFileReference; lastKnownFileType = sourcecode.swift; path = ResultsDataSource.swift; sourceTree = "<group>"; };
		D8ECD595639457E93B8C5FA7 /* FilterableHeaderView.swift */ = {isa = PBXFileReference; lastKnownFileType = sourcecode.swift; path = FilterableHeaderView.swift; sourceTree = "<group>"; };
		DB58B9E62F5A34EC007B5DE3 /* EditorPane.swift */ = {isa = PBXFileReference; lastKnownFileType = sourcecode.swift; path = EditorPane.swift; sourceTree = "<group>"; };
		DB58B9E82F5A35C4007B5DE3 /* PaneTabBar.swift */ = {isa = PBXFileReference; lastKnownFileType = sourcecode.swift; path = PaneTabBar.swift; sourceTree = "<group>"; };
		DB58B9EA2F5A35FD007B5DE3 /* EditorPaneVC.swift */ = {isa = PBXFileReference; lastKnownFileType = sourcecode.swift; path = EditorPaneVC.swift; sourceTree = "<group>"; };
		DB58B9EC2F5B46F4007B5DE3 /* SQLSegmentParser.swift */ = {isa = PBXFileReference; lastKnownFileType = sourcecode.swift; path = SQLSegmentParser.swift; sourceTree = "<group>"; };
		DB58B9EE2F5B47CE007B5DE3 /* ResultTab.swift */ = {isa = PBXFileReference; lastKnownFileType = sourcecode.swift; path = ResultTab.swift; sourceTree = "<group>"; };
		DB58B9F02F5B47FC007B5DE3 /* ResultTabBar.swift */ = {isa = PBXFileReference; lastKnownFileType = sourcecode.swift; path = ResultTabBar.swift; sourceTree = "<group>"; };
		DE109495071281357840CE57 /* QueryHistoryVC.swift */ = {isa = PBXFileReference; lastKnownFileType = sourcecode.swift; path = QueryHistoryVC.swift; sourceTree = "<group>"; };
		EAA6C3A87A8A4B294119B8CD /* QueryResult.swift */ = {isa = PBXFileReference; lastKnownFileType = sourcecode.swift; path = QueryResult.swift; sourceTree = "<group>"; };
		EBB204A7203DFE7F75AE059A /* PharosCore.swift */ = {isa = PBXFileReference; lastKnownFileType = sourcecode.swift; path = PharosCore.swift; sourceTree = "<group>"; };
		EBF3A05751881D6DB6B2AE26 /* Connection.swift */ = {isa = PBXFileReference; lastKnownFileType = sourcecode.swift; path = Connection.swift; sourceTree = "<group>"; };
		EE1BE9592C76B222B3A3B626 /* SchemaContextMenu.swift */ = {isa = PBXFileReference; lastKnownFileType = sourcecode.swift; path = SchemaContextMenu.swift; sourceTree = "<group>"; };
		EF9FB0F602BE858D9F0F4DFA /* PGTypeCategory.swift */ = {isa = PBXFileReference; lastKnownFileType = sourcecode.swift; path = PGTypeCategory.swift; sourceTree = "<group>"; };
		F2B3B88F55D243A6995DF409 /* ResultsCopyExport.swift */ = {isa = PBXFileReference; lastKnownFileType = sourcecode.swift; path = ResultsCopyExport.swift; sourceTree = "<group>"; };
		F4063BCD81FC7D7C5AE7D509 /* Assets.xcassets */ = {isa = PBXFileReference; lastKnownFileType = folder.assetcatalog; path = Assets.xcassets; sourceTree = "<group>"; };
		F443CAC6284678541D0523EA /* Schema.swift */ = {isa = PBXFileReference; lastKnownFileType = sourcecode.swift; path = Schema.swift; sourceTree = "<group>"; };
		F53AF7990A74B49CE70A7E63 /* SavedQueriesVC.swift */ = {isa = PBXFileReference; lastKnownFileType = sourcecode.swift; path = SavedQueriesVC.swift; sourceTree = "<group>"; };
		FA7E70F7C9B82A2127AF3F51 /* ConnectionSheet.swift */ = {isa = PBXFileReference; lastKnownFileType = sourcecode.swift; path = ConnectionSheet.swift; sourceTree = "<group>"; };
		FBF9971CA38A5A4F27BF2677 /* PharosCore+Settings.swift */ = {isa = PBXFileReference; lastKnownFileType = sourcecode.swift; path = "PharosCore+Settings.swift"; sourceTree = "<group>"; };
		FF2028AE6D6257D17FBD8638 /* ColumnFilter.swift */ = {isa = PBXFileReference; lastKnownFileType = sourcecode.swift; path = ColumnFilter.swift; sourceTree = "<group>"; };
/* End PBXFileReference section */

/* Begin PBXGroup section */
		0CDD2F1B6A0BB9B317931B45 /* ResultsGrid */ = {
			isa = PBXGroup;
			children = (
				6D2F8820D55E67F2E98189DB /* ColumnFilterPopoverVC.swift */,
				D8ECD595639457E93B8C5FA7 /* FilterableHeaderView.swift */,
				06CFD36F776181AE6119B2D5 /* ResultsCellSelection.swift */,
				745C3CCB90931B5D1CC056E7 /* ResultsColumnFilterController.swift */,
				F2B3B88F55D243A6995DF409 /* ResultsCopyExport.swift */,
				D662512D7219078869005EED /* ResultsDataSource.swift */,
				1DEE8A90621927B4A546E936 /* ResultsFindController.swift */,
				5E4F375971834626EE24DCE8 /* ResultsGridVC+Delegates.swift */,
				7CBCFEF1E97E439A66848739 /* ResultsGridVC+Setup.swift */,
				6E5A664A2928C215F48E9A6C /* ResultsSortController.swift */,
			);
			path = ResultsGrid;
			sourceTree = "<group>";
		};
		15A6B69EB37C129DA97CF21B /* Pharos */ = {
			isa = PBXGroup;
			children = (
				F4063BCD81FC7D7C5AE7D509 /* Assets.xcassets */,
				771A4DDA07703A5A2298593A /* App */,
				A7553A40CD3394A1A32C5AA2 /* Core */,
				D58A7CB7DF31C6A419D7A3D9 /* Editor */,
				69CEC6934FC959E692E7AC1C /* Models */,
				8ED98EA5EBB73F5BFD44F68D /* Sheets */,
				19FB1DD39D4717C543D508AA /* Utilities */,
				64EE3B816B04B9B775CC0444 /* ViewControllers */,
				FD1640F44D2DB2B3B35D8884 /* Views */,
				9FEE7FF824F900CA35F5FC46 /* Windows */,
			);
			path = Pharos;
			sourceTree = "<group>";
		};
		19FB1DD39D4717C543D508AA /* Utilities */ = {
			isa = PBXGroup;
			children = (
				FF2028AE6D6257D17FBD8638 /* ColumnFilter.swift */,
				EF9FB0F602BE858D9F0F4DFA /* PGTypeCategory.swift */,
			);
			path = Utilities;
			sourceTree = "<group>";
		};
		4805BF335A675C25FD0555B4 /* SchemaBrowser */ = {
			isa = PBXGroup;
			children = (
				EE1BE9592C76B222B3A3B626 /* SchemaContextMenu.swift */,
				4F866D1BE3519B8EC1B37837 /* SchemaDataSource.swift */,
			);
			path = SchemaBrowser;
			sourceTree = "<group>";
		};
		64EE3B816B04B9B775CC0444 /* ViewControllers */ = {
			isa = PBXGroup;
			children = (
				580925EDF531F5722145FC92 /* ContentViewController.swift */,
				5C3A06DB5B50B7884BE8C008 /* InspectorViewController.swift */,
				32129C1DF4F9D8600CF498D1 /* PharosSplitViewController.swift */,
				D00B26C7C2F768E3295E54E3 /* QueryEditorVC.swift */,
				DE109495071281357840CE57 /* QueryHistoryVC.swift */,
				996B3F5F2F449C51713A9F35 /* ResultsGridVC.swift */,
				F53AF7990A74B49CE70A7E63 /* SavedQueriesVC.swift */,
				0AA28F370D58B185F9C4F416 /* SchemaBrowserVC.swift */,
				C3A2E02523DDEE84E0861216 /* SidebarViewController.swift */,
				0CDD2F1B6A0BB9B317931B45 /* ResultsGrid */,
				4805BF335A675C25FD0555B4 /* SchemaBrowser */,
				DB58B9EA2F5A35FD007B5DE3 /* EditorPaneVC.swift */,
			);
			path = ViewControllers;
			sourceTree = "<group>";
		};
		69CEC6934FC959E692E7AC1C /* Models */ = {
			isa = PBXGroup;
			children = (
				EBF3A05751881D6DB6B2AE26 /* Connection.swift */,
				AA51B3ECA2060638EA1898B8 /* QueryHistory.swift */,
				EAA6C3A87A8A4B294119B8CD /* QueryResult.swift */,
				0D6BEBF74D81C05BBDEC18B2 /* QueryTab.swift */,
				74EE864CF2A51B28DD0180D7 /* SavedQuery.swift */,
				F443CAC6284678541D0523EA /* Schema.swift */,
				B4658AC549B8ABCCA3C1B9FE /* SchemaTreeNode.swift */,
				4EE224A37E3FEC0F67F65D19 /* Settings.swift */,
				DB58B9E62F5A34EC007B5DE3 /* EditorPane.swift */,
				DB58B9EE2F5B47CE007B5DE3 /* ResultTab.swift */,
			);
			path = Models;
			sourceTree = "<group>";
		};
		771A4DDA07703A5A2298593A /* App */ = {
			isa = PBXGroup;
			children = (
				BE2842DA42F9D759036177BC /* AppDelegate.swift */,
				9993005117CA5F91ED0A2692 /* Info.plist */,
				C9154BC81016709ADD201F2C /* main.swift */,
				C061E832235866E86FB1BD81 /* MainMenu.swift */,
			);
			path = App;
			sourceTree = "<group>";
		};
		8ED98EA5EBB73F5BFD44F68D /* Sheets */ = {
			isa = PBXGroup;
			children = (
				B147EF7BD64F5D8D49F5A76C /* CloneTableSheet.swift */,
				FA7E70F7C9B82A2127AF3F51 /* ConnectionSheet.swift */,
				20B39F69829E562F1E0DDEEC /* ExportDataSheet.swift */,
				080E74E651B82BE21F196DDC /* ImportDataSheet.swift */,
				A1B2C3D4E5F60718CAFEBABE /* QueryDetailSheet.swift */,
				AFA9754561F03FFF1CAB4CB9 /* SaveQuerySheet.swift */,
				819E831FCE0F6F7280A28624 /* SchemaDetailSheet.swift */,
				CEADE04C5F358D12DBAEFF53 /* SettingsSheet.swift */,
			);
			path = Sheets;
			sourceTree = "<group>";
		};
		9FEE7FF824F900CA35F5FC46 /* Windows */ = {
			isa = PBXGroup;
			children = (
				6477FA0687C5FBFD9213A0B4 /* MainWindowController.swift */,
			);
			path = Windows;
			sourceTree = "<group>";
		};
		A7553A40CD3394A1A32C5AA2 /* Core */ = {
			isa = PBXGroup;
			children = (
				028712E3F9210287025ADAE8 /* AppStateManager.swift */,
				21144A42AAC5D2C61BFC5EB0 /* MetadataCache.swift */,
				EBB204A7203DFE7F75AE059A /* PharosCore.swift */,
				03D4F88CC2D386BA8A9B317A /* PharosCore+Connection.swift */,
				683EA3267E0A7C98EF05E9A4 /* PharosCore+Query.swift */,
				45C9CF3BE23B90A563BA2971 /* PharosCore+QueryHistory.swift */,
				97AA1F94A343C5D877860C0C /* PharosCore+SavedQueries.swift */,
				CB62F62A3FDEC4CB1B034D32 /* PharosCore+Schema.swift */,
				FBF9971CA38A5A4F27BF2677 /* PharosCore+Settings.swift */,
				984D24F626720473910C61FE /* PharosCore+TableMetadata.swift */,
				0D74DCCBF440921962842366 /* PharosCore+TableOps.swift */,
			);
			path = Core;
			sourceTree = "<group>";
		};
		D58A7CB7DF31C6A419D7A3D9 /* Editor */ = {
			isa = PBXGroup;
			children = (
				79453EF605DB5DD4E6B6583E /* LineNumberGutter.swift */,
				A6EF9DEF04D779C8CE0614A2 /* SQLCompletionProvider.swift */,
				5CA969614B127DE629649F33 /* SQLTextView.swift */,
				DB58B9EC2F5B46F4007B5DE3 /* SQLSegmentParser.swift */,
			);
			path = Editor;
			sourceTree = "<group>";
		};
		DC2D47FC4EE8446CAB688DB8 = {
			isa = PBXGroup;
			children = (
				15A6B69EB37C129DA97CF21B /* Pharos */,
				FDA4DB0185152A7901152373 /* Products */,
			);
			sourceTree = "<group>";
		};
		FD1640F44D2DB2B3B35D8884 /* Views */ = {
			isa = PBXGroup;
			children = (
				B2EFE8CF506C1CA082186338 /* SchemaTreeCellView.swift */,
				DB58B9E82F5A35C4007B5DE3 /* PaneTabBar.swift */,
				DB58B9F02F5B47FC007B5DE3 /* ResultTabBar.swift */,
			);
			path = Views;
			sourceTree = "<group>";
		};
		FDA4DB0185152A7901152373 /* Products */ = {
			isa = PBXGroup;
			children = (
				9EC681B504DAF0E904245D22 /* Pharos.app */,
			);
			name = Products;
			sourceTree = "<group>";
		};
/* End PBXGroup section */

/* Begin PBXNativeTarget section */
		E1A0B0416EF4052AECD1A64A /* Pharos */ = {
			isa = PBXNativeTarget;
			buildConfigurationList = 31F3F2D2F6B8D95CE40E198F /* Build configuration list for PBXNativeTarget "Pharos" */;
			buildPhases = (
				D2CBADC93ADE21874D96CF85 /* Build Rust Library */,
				C34FAC18C180738B0FB011B2 /* Sources */,
				DC045A128AD04C2276073CD4 /* Resources */,
			);
			buildRules = (
			);
			dependencies = (
			);
			name = Pharos;
			packageProductDependencies = (
			);
			productName = Pharos;
			productReference = 9EC681B504DAF0E904245D22 /* Pharos.app */;
			productType = "com.apple.product-type.application";
		};
/* End PBXNativeTarget section */

/* Begin PBXProject section */
		611FD41B4ADC2F7C744661B9 /* Project object */ = {
			isa = PBXProject;
			attributes = {
				BuildIndependentTargetsInParallel = YES;
				LastUpgradeCheck = 1600;
			};
			buildConfigurationList = 411217F64ED31E33A1F0B733 /* Build configuration list for PBXProject "Pharos" */;
			compatibilityVersion = "Xcode 14.0";
			developmentRegion = en;
			hasScannedForEncodings = 0;
			knownRegions = (
				Base,
				en,
			);
			mainGroup = DC2D47FC4EE8446CAB688DB8;
			minimizedProjectReferenceProxies = 1;
			projectDirPath = "";
			projectRoot = "";
			targets = (
				E1A0B0416EF4052AECD1A64A /* Pharos */,
			);
		};
/* End PBXProject section */

/* Begin PBXResourcesBuildPhase section */
		DC045A128AD04C2276073CD4 /* Resources */ = {
			isa = PBXResourcesBuildPhase;
			buildActionMask = 2147483647;
			files = (
				9B9F6D8FA3841680CC02ED11 /* Assets.xcassets in Resources */,
			);
			runOnlyForDeploymentPostprocessing = 0;
		};
/* End PBXResourcesBuildPhase section */

/* Begin PBXShellScriptBuildPhase section */
		D2CBADC93ADE21874D96CF85 /* Build Rust Library */ = {
			isa = PBXShellScriptBuildPhase;
			alwaysOutOfDate = 1;
			buildActionMask = 2147483647;
			files = (
			);
			inputFileListPaths = (
			);
			inputPaths = (
			);
			name = "Build Rust Library";
			outputFileListPaths = (
			);
			outputPaths = (
			);
			runOnlyForDeploymentPostprocessing = 0;
			shellPath = /bin/sh;
			shellScript = "if [ -n \"$PHAROS_CI\" ]; then\n  echo \"Skipping Rust build — CI pre-built library\"\n  exit 0\nfi\nexport PATH=\"$HOME/.cargo/bin:$PATH\"\ncd \"${SRCROOT}/pharos-core\"\ncargo build --release\n";
		};
/* End PBXShellScriptBuildPhase section */

/* Begin PBXSourcesBuildPhase section */
		C34FAC18C180738B0FB011B2 /* Sources */ = {
			isa = PBXSourcesBuildPhase;
			buildActionMask = 2147483647;
			files = (
				AB6A1A4BA0E10D2FBEF86887 /* AppDelegate.swift in Sources */,
				65BEED50C4062338E69E2217 /* AppStateManager.swift in Sources */,
				DB58B9ED2F5B46F4007B5DE3 /* SQLSegmentParser.swift in Sources */,
				0D06D23BAD7B85E3D848032E /* CloneTableSheet.swift in Sources */,
				0FBFBF80330AF6AEB8FF8795 /* ColumnFilter.swift in Sources */,
				828B2F010BDCD568EB6B087E /* ColumnFilterPopoverVC.swift in Sources */,
				DB58B9EB2F5A35FD007B5DE3 /* EditorPaneVC.swift in Sources */,
				A97E8AF9FA8A694D08979B05 /* Connection.swift in Sources */,
				5852B83A6231D9F2F669FE0C /* ConnectionSheet.swift in Sources */,
				9CD619FD2FD68AD108A18567 /* ContentViewController.swift in Sources */,
				DB58B9EF2F5B47CE007B5DE3 /* ResultTab.swift in Sources */,
				C54502573EF12DE805DD8E45 /* ExportDataSheet.swift in Sources */,
				E95A1BECEE9799B577E51E26 /* FilterableHeaderView.swift in Sources */,
				DB58B9E92F5A35C4007B5DE3 /* PaneTabBar.swift in Sources */,
				34745A1F62CCD2F095540249 /* ImportDataSheet.swift in Sources */,
				587C8125123CD6FB19295C5C /* InspectorViewController.swift in Sources */,
				467AD8C23E035DF328E4EFD0 /* LineNumberGutter.swift in Sources */,
				1859F0D21F96E84B169BF6B9 /* MainMenu.swift in Sources */,
				BB1229C6E14E7962D3B22387 /* MainWindowController.swift in Sources */,
				19877E64248CE46809E223BA /* MetadataCache.swift in Sources */,
				8C11A9E360C976741800D448 /* PGTypeCategory.swift in Sources */,
				1A6C6385B521B72E26B7965F /* PharosCore+Connection.swift in Sources */,
				B0EB5E848C3BA0450A2EDF6E /* PharosCore+Query.swift in Sources */,
				13052D84D304A8C4B880F5ED /* PharosCore+QueryHistory.swift in Sources */,
				BA36078FBC3A5D72C53F70A0 /* PharosCore+SavedQueries.swift in Sources */,
				452A085D482CF6012AA5CAF9 /* PharosCore+Schema.swift in Sources */,
				46E850B27D3032C449EF538B /* PharosCore+Settings.swift in Sources */,
				83C280A4D2F6BB5D36BA84C2 /* PharosCore+TableMetadata.swift in Sources */,
				1896442191A1723DA4AC8F11 /* PharosCore+TableOps.swift in Sources */,
				2F09F5016B7370BEA3F4F4B3 /* PharosCore.swift in Sources */,
				9F833C4BC05608F9DBB53107 /* PharosSplitViewController.swift in Sources */,
				F99D927EF0A26C46170180A9 /* QueryEditorVC.swift in Sources */,
				F1E6F326019EA1E680D8C024 /* QueryHistory.swift in Sources */,
				A052BF4F5DFA8F2B059A3D77 /* QueryHistoryVC.swift in Sources */,
				DB58B9E72F5A34EC007B5DE3 /* EditorPane.swift in Sources */,
				313901B49AD64989B8264CB5 /* QueryResult.swift in Sources */,
				DB58B9F12F5B47FC007B5DE3 /* ResultTabBar.swift in Sources */,
				3BAF13B47C5D27BF9A23649F /* QueryTab.swift in Sources */,
				8AB8139F13F0723A04529C4B /* ResultsCellSelection.swift in Sources */,
				D5288C4F09BC95F63D22DD83 /* ResultsColumnFilterController.swift in Sources */,
				9967BAFA59CCCAF598DCEFC7 /* ResultsCopyExport.swift in Sources */,
				325C5B2F6705581E09653999 /* ResultsDataSource.swift in Sources */,
				DD4B5437E848E45EA5D1F6C4 /* ResultsFindController.swift in Sources */,
				050C066E656CA927DAE47838 /* ResultsGridVC+Delegates.swift in Sources */,
				3DFC28BC8EDDBE4881456149 /* ResultsGridVC+Setup.swift in Sources */,
				B428B0392086C871B29DBEA8 /* ResultsGridVC.swift in Sources */,
				A9D51FCCE26395D146188699 /* ResultsSortController.swift in Sources */,
				B6A807AF13F4EBB0866CBB48 /* SQLCompletionProvider.swift in Sources */,
				F4A84AED2911F5E33933AB26 /* SQLTextView.swift in Sources */,
				A1B2C3D4E5F60718DEADBEEF /* QueryDetailSheet.swift in Sources */,
				E6F5C3DA2A93FCA86008C096 /* SaveQuerySheet.swift in Sources */,
				E25DF354E5E4120E4218B4AB /* SavedQueriesVC.swift in Sources */,
				3BB2598F16FCA36267E8BB4F /* SavedQuery.swift in Sources */,
				1E96030BBC27E7FEC7D2FF74 /* Schema.swift in Sources */,
				BCA68E3BDB7D44B860015A42 /* SchemaBrowserVC.swift in Sources */,
				B328811200CD6EBE799D2971 /* SchemaContextMenu.swift in Sources */,
				4EC4260ADB7C2B74CC81C9CF /* SchemaDataSource.swift in Sources */,
				E02EA8A440A656E0CFDE8093 /* SchemaDetailSheet.swift in Sources */,
				8B0F974C2C9AFF4237E83D67 /* SchemaTreeCellView.swift in Sources */,
				1CB48D2E1B11DC3055666BE8 /* SchemaTreeNode.swift in Sources */,
				34B2E78C9DB19D897C10D722 /* Settings.swift in Sources */,
				DE41561080C5F343F5CE6BA4 /* SettingsSheet.swift in Sources */,
				ED0D9A8EC09C789256FB7C16 /* SidebarViewController.swift in Sources */,
				4544AA18681DE8297EE4419C /* main.swift in Sources */,
			);
			runOnlyForDeploymentPostprocessing = 0;
		};
/* End PBXSourcesBuildPhase section */

/* Begin XCBuildConfiguration section */
		1C0878B2C4DB8CF841C2D9A7 /* Debug */ = {
			isa = XCBuildConfiguration;
			buildSettings = {
				ASSETCATALOG_COMPILER_APPICON_NAME = AppIcon;
				CODE_SIGN_ENTITLEMENTS = "";
				CODE_SIGN_IDENTITY = "-";
				COMBINE_HIDPI_IMAGES = YES;
				ENABLE_HARDENED_RUNTIME = YES;
				INFOPLIST_FILE = Pharos/App/Info.plist;
				LD_RUNPATH_SEARCH_PATHS = (
					"$(inherited)",
					"@executable_path/../Frameworks",
				);
				LIBRARY_SEARCH_PATHS = "$(SRCROOT)/pharos-core/target/release";
				OTHER_LDFLAGS = (
					"-lpharos_core",
					"-framework",
					Security,
					"-framework",
					SystemConfiguration,
					"-framework",
					CoreFoundation,
					"-lz",
					"-liconv",
					"-lm",
					"-lresolv",
				);
				PRODUCT_BUNDLE_IDENTIFIER = com.pharos.client;
				PRODUCT_NAME = Pharos;
				SDKROOT = macosx;
				SWIFT_INCLUDE_PATHS = "$(SRCROOT)/Pharos/CPharosCore";
				SWIFT_OBJC_BRIDGING_HEADER = "";
			};
			name = Debug;
		};
		391950699400D59470337224 /* Release */ = {
			isa = XCBuildConfiguration;
			buildSettings = {
				ALWAYS_SEARCH_USER_PATHS = NO;
				CLANG_ANALYZER_NONNULL = YES;
				CLANG_ANALYZER_NUMBER_OBJECT_CONVERSION = YES_AGGRESSIVE;
				CLANG_CXX_LANGUAGE_STANDARD = "gnu++14";
				CLANG_CXX_LIBRARY = "libc++";
				CLANG_ENABLE_MODULES = YES;
				CLANG_ENABLE_OBJC_ARC = YES;
				CLANG_ENABLE_OBJC_WEAK = YES;
				CLANG_WARN_BLOCK_CAPTURE_AUTORELEASING = YES;
				CLANG_WARN_BOOL_CONVERSION = YES;
				CLANG_WARN_COMMA = YES;
				CLANG_WARN_CONSTANT_CONVERSION = YES;
				CLANG_WARN_DEPRECATED_OBJC_IMPLEMENTATIONS = YES;
				CLANG_WARN_DIRECT_OBJC_ISA_USAGE = YES_ERROR;
				CLANG_WARN_DOCUMENTATION_COMMENTS = YES;
				CLANG_WARN_EMPTY_BODY = YES;
				CLANG_WARN_ENUM_CONVERSION = YES;
				CLANG_WARN_INFINITE_RECURSION = YES;
				CLANG_WARN_INT_CONVERSION = YES;
				CLANG_WARN_NON_LITERAL_NULL_CONVERSION = YES;
				CLANG_WARN_OBJC_IMPLICIT_RETAIN_SELF = YES;
				CLANG_WARN_OBJC_LITERAL_CONVERSION = YES;
				CLANG_WARN_OBJC_ROOT_CLASS = YES_ERROR;
				CLANG_WARN_QUOTED_INCLUDE_IN_FRAMEWORK_HEADER = YES;
				CLANG_WARN_RANGE_LOOP_ANALYSIS = YES;
				CLANG_WARN_STRICT_PROTOTYPES = YES;
				CLANG_WARN_SUSPICIOUS_MOVE = YES;
				CLANG_WARN_UNGUARDED_AVAILABILITY = YES_AGGRESSIVE;
				CLANG_WARN_UNREACHABLE_CODE = YES;
				CLANG_WARN__DUPLICATE_METHOD_MATCH = YES;
				COPY_PHASE_STRIP = NO;
				DEBUG_INFORMATION_FORMAT = "dwarf-with-dsym";
				ENABLE_NS_ASSERTIONS = NO;
				ENABLE_STRICT_OBJC_MSGSEND = YES;
				GCC_C_LANGUAGE_STANDARD = gnu11;
				GCC_NO_COMMON_BLOCKS = YES;
				GCC_WARN_64_TO_32_BIT_CONVERSION = YES;
				GCC_WARN_ABOUT_RETURN_TYPE = YES_ERROR;
				GCC_WARN_UNDECLARED_SELECTOR = YES;
				GCC_WARN_UNINITIALIZED_AUTOS = YES_AGGRESSIVE;
				GCC_WARN_UNUSED_FUNCTION = YES;
				GCC_WARN_UNUSED_VARIABLE = YES;
				MACOSX_DEPLOYMENT_TARGET = 14.0;
				MTL_ENABLE_DEBUG_INFO = NO;
				MTL_FAST_MATH = YES;
				PRODUCT_NAME = "$(TARGET_NAME)";
				SDKROOT = macosx;
				SWIFT_COMPILATION_MODE = wholemodule;
				SWIFT_OPTIMIZATION_LEVEL = "-O";
				SWIFT_VERSION = 5.10;
			};
			name = Release;
		};
		8FDE01523C68B18578F7A133 /* Debug */ = {
			isa = XCBuildConfiguration;
			buildSettings = {
				ALWAYS_SEARCH_USER_PATHS = NO;
				CLANG_ANALYZER_NONNULL = YES;
				CLANG_ANALYZER_NUMBER_OBJECT_CONVERSION = YES_AGGRESSIVE;
				CLANG_CXX_LANGUAGE_STANDARD = "gnu++14";
				CLANG_CXX_LIBRARY = "libc++";
				CLANG_ENABLE_MODULES = YES;
				CLANG_ENABLE_OBJC_ARC = YES;
				CLANG_ENABLE_OBJC_WEAK = YES;
				CLANG_WARN_BLOCK_CAPTURE_AUTORELEASING = YES;
				CLANG_WARN_BOOL_CONVERSION = YES;
				CLANG_WARN_COMMA = YES;
				CLANG_WARN_CONSTANT_CONVERSION = YES;
				CLANG_WARN_DEPRECATED_OBJC_IMPLEMENTATIONS = YES;
				CLANG_WARN_DIRECT_OBJC_ISA_USAGE = YES_ERROR;
				CLANG_WARN_DOCUMENTATION_COMMENTS = YES;
				CLANG_WARN_EMPTY_BODY = YES;
				CLANG_WARN_ENUM_CONVERSION = YES;
				CLANG_WARN_INFINITE_RECURSION = YES;
				CLANG_WARN_INT_CONVERSION = YES;
				CLANG_WARN_NON_LITERAL_NULL_CONVERSION = YES;
				CLANG_WARN_OBJC_IMPLICIT_RETAIN_SELF = YES;
				CLANG_WARN_OBJC_LITERAL_CONVERSION = YES;
				CLANG_WARN_OBJC_ROOT_CLASS = YES_ERROR;
				CLANG_WARN_QUOTED_INCLUDE_IN_FRAMEWORK_HEADER = YES;
				CLANG_WARN_RANGE_LOOP_ANALYSIS = YES;
				CLANG_WARN_STRICT_PROTOTYPES = YES;
				CLANG_WARN_SUSPICIOUS_MOVE = YES;
				CLANG_WARN_UNGUARDED_AVAILABILITY = YES_AGGRESSIVE;
				CLANG_WARN_UNREACHABLE_CODE = YES;
				CLANG_WARN__DUPLICATE_METHOD_MATCH = YES;
				COPY_PHASE_STRIP = NO;
				DEBUG_INFORMATION_FORMAT = dwarf;
				ENABLE_STRICT_OBJC_MSGSEND = YES;
				ENABLE_TESTABILITY = YES;
				GCC_C_LANGUAGE_STANDARD = gnu11;
				GCC_DYNAMIC_NO_PIC = NO;
				GCC_NO_COMMON_BLOCKS = YES;
				GCC_OPTIMIZATION_LEVEL = 0;
				GCC_PREPROCESSOR_DEFINITIONS = (
					"$(inherited)",
					"DEBUG=1",
				);
				GCC_WARN_64_TO_32_BIT_CONVERSION = YES;
				GCC_WARN_ABOUT_RETURN_TYPE = YES_ERROR;
				GCC_WARN_UNDECLARED_SELECTOR = YES;
				GCC_WARN_UNINITIALIZED_AUTOS = YES_AGGRESSIVE;
				GCC_WARN_UNUSED_FUNCTION = YES;
				GCC_WARN_UNUSED_VARIABLE = YES;
				MACOSX_DEPLOYMENT_TARGET = 14.0;
				MTL_ENABLE_DEBUG_INFO = INCLUDE_SOURCE;
				MTL_FAST_MATH = YES;
				ONLY_ACTIVE_ARCH = YES;
				PRODUCT_NAME = "$(TARGET_NAME)";
				SDKROOT = macosx;
				SWIFT_ACTIVE_COMPILATION_CONDITIONS = DEBUG;
				SWIFT_OPTIMIZATION_LEVEL = "-Onone";
				SWIFT_VERSION = 5.10;
			};
			name = Debug;
		};
		9AE29D65F3891F3E057FB43F /* Release */ = {
			isa = XCBuildConfiguration;
			buildSettings = {
				ASSETCATALOG_COMPILER_APPICON_NAME = AppIcon;
				CODE_SIGN_ENTITLEMENTS = "";
				CODE_SIGN_IDENTITY = "-";
				COMBINE_HIDPI_IMAGES = YES;
				ENABLE_HARDENED_RUNTIME = YES;
				INFOPLIST_FILE = Pharos/App/Info.plist;
				LD_RUNPATH_SEARCH_PATHS = (
					"$(inherited)",
					"@executable_path/../Frameworks",
				);
				LIBRARY_SEARCH_PATHS = "$(SRCROOT)/pharos-core/target/release";
				OTHER_LDFLAGS = (
					"-lpharos_core",
					"-framework",
					Security,
					"-framework",
					SystemConfiguration,
					"-framework",
					CoreFoundation,
					"-lz",
					"-liconv",
					"-lm",
					"-lresolv",
				);
				PRODUCT_BUNDLE_IDENTIFIER = com.pharos.client;
				PRODUCT_NAME = Pharos;
				SDKROOT = macosx;
				SWIFT_INCLUDE_PATHS = "$(SRCROOT)/Pharos/CPharosCore";
				SWIFT_OBJC_BRIDGING_HEADER = "";
			};
			name = Release;
		};
/* End XCBuildConfiguration section */

/* Begin XCConfigurationList section */
		31F3F2D2F6B8D95CE40E198F /* Build configuration list for PBXNativeTarget "Pharos" */ = {
			isa = XCConfigurationList;
			buildConfigurations = (
				1C0878B2C4DB8CF841C2D9A7 /* Debug */,
				9AE29D65F3891F3E057FB43F /* Release */,
			);
			defaultConfigurationIsVisible = 0;
			defaultConfigurationName = Debug;
		};
		411217F64ED31E33A1F0B733 /* Build configuration list for PBXProject "Pharos" */ = {
			isa = XCConfigurationList;
			buildConfigurations = (
				8FDE01523C68B18578F7A133 /* Debug */,
				391950699400D59470337224 /* Release */,
			);
			defaultConfigurationIsVisible = 0;
			defaultConfigurationName = Debug;
		};
/* End XCConfigurationList section */
	};
	rootObject = 611FD41B4ADC2F7C744661B9 /* Project object */;
}
